// !$*UTF8*$!
{
	archiveVersion = 1;
	classes = {
	};
	objectVersion = 77;
	objects = {

/* Begin PBXBuildFile section */
		0023407F18D8406E0421A099 /* WolfHoleModel.swift in Sources */ = {isa = PBXBuildFile; fileRef = 0B1F0EC82C58BCF0C525EA3F /* WolfHoleModel.swift */; };
		01741CD0E2411F6ECA138665 /* Theme.swift in Sources */ = {isa = PBXBuildFile; fileRef = 35E6A0FB9254B4C1E0DF6419 /* Theme.swift */; };
		02D395AB3377E2096978D150 /* CourseTypes.swift in Sources */ = {isa = PBXBuildFile; fileRef = 42A428BA4BA755FB2C3B9853 /* CourseTypes.swift */; };
		0350617CB1E6F80B82A994CF /* RoundSummaryTests.swift in Sources */ = {isa = PBXBuildFile; fileRef = 2AA5ABE24F2F1A7E3F72CD33 /* RoundSummaryTests.swift */; };
		03583B7A079C48DB36C70D29 /* CoursesView.swift in Sources */ = {isa = PBXBuildFile; fileRef = DB593380B604DE507EC4B13B /* CoursesView.swift */; };
		0378856D84A8B68E5EBB8DB7 /* Art+Props.swift in Sources */ = {isa = PBXBuildFile; fileRef = 573102ED5A9363665C95958C /* Art+Props.swift */; };
		0BCE9C150AEC34B2C8B079F8 /* EventSettings.swift in Sources */ = {isa = PBXBuildFile; fileRef = B4CC503985C5B2A15B26BCCA /* EventSettings.swift */; };
		0F33578F9CCB37F9D73C2C23 /* EventCenter.swift in Sources */ = {isa = PBXBuildFile; fileRef = FAD8E090D2AF4347F601C771 /* EventCenter.swift */; };
		0FFA8B5C3895E731606266FF /* RoundWalkthroughUITests.swift in Sources */ = {isa = PBXBuildFile; fileRef = B0542DE1346DEE445F2D3968 /* RoundWalkthroughUITests.swift */; };
		11B82ABACE1D370565A73738 /* CourseFakes.swift in Sources */ = {isa = PBXBuildFile; fileRef = 0B1C7A7CB20FD5B4F010CB46 /* CourseFakes.swift */; };
		12B41317B623992FC2C7A339 /* WolfHoleSection.swift in Sources */ = {isa = PBXBuildFile; fileRef = A61EFB65C703B672E8082C1B /* WolfHoleSection.swift */; };
		14D7403468F76CF2D776AFC2 /* Assets.xcassets in Resources */ = {isa = PBXBuildFile; fileRef = F12AB045A3A72F9FBE737654 /* Assets.xcassets */; };
		164E1BD5B07EA7878F6DA3CF /* VenmoHandle.swift in Sources */ = {isa = PBXBuildFile; fileRef = AA7F37CDD4CF2BC199B4D1C0 /* VenmoHandle.swift */; };
		1702CDE17BB47B154463EB72 /* CourseStepModel.swift in Sources */ = {isa = PBXBuildFile; fileRef = DF4F8FC1A5FD40E128707D99 /* CourseStepModel.swift */; };
		18455A447869A0E7DCE726EA /* LiveConfiguration.swift in Sources */ = {isa = PBXBuildFile; fileRef = 6DF518CEF4CB9AB454798F08 /* LiveConfiguration.swift */; };
		191A36CE885BE2E673200FCC /* RoundCompletionPrompt.swift in Sources */ = {isa = PBXBuildFile; fileRef = D6E411541133B20B1AF52633 /* RoundCompletionPrompt.swift */; };
		1CC6507EEEAC51FF5872E296 /* Round.swift in Sources */ = {isa = PBXBuildFile; fileRef = B1D13E2BAAC34959F4DE5E64 /* Round.swift */; };
		1CDDE0EABD6A88B3D7840D72 /* LiveViews.swift in Sources */ = {isa = PBXBuildFile; fileRef = 85635FE2DD965274992B6C63 /* LiveViews.swift */; };
		1E3AB757E560A37F4D7E2996 /* VenmoLink.swift in Sources */ = {isa = PBXBuildFile; fileRef = DBEE989B137FBC0B4C0ED77F /* VenmoLink.swift */; };
		25059043DDDF9DE46BF1C725 /* ScoringText.swift in Sources */ = {isa = PBXBuildFile; fileRef = 26319026AF5D8274B08A0004 /* ScoringText.swift */; };
		25637B1BB303F10A88289547 /* RoundCompletionPromptTests.swift in Sources */ = {isa = PBXBuildFile; fileRef = F90F82CA49E2B024F36931B0 /* RoundCompletionPromptTests.swift */; };
		289F9E143B900DBBD45BCF57 /* RoundScorer+Wolf.swift in Sources */ = {isa = PBXBuildFile; fileRef = 620BC3C02FF4B4ABADA8EA79 /* RoundScorer+Wolf.swift */; };
		29204EA415C5CD44DC62CD94 /* LiveMessage.swift in Sources */ = {isa = PBXBuildFile; fileRef = B8DD489A3A59FEF6208672D7 /* LiveMessage.swift */; };
		2936E08BE7E39E787F316453 /* EventSettingsView.swift in Sources */ = {isa = PBXBuildFile; fileRef = 8BC8A2E4B0AF4401F2AD68F1 /* EventSettingsView.swift */; };
		2F481E59DD52C65C3D697417 /* RoundFixtures.swift in Sources */ = {isa = PBXBuildFile; fileRef = 528D789C9D8A692704AC67C2 /* RoundFixtures.swift */; };
		314CB8175E781693A5D7C600 /* Appearance.swift in Sources */ = {isa = PBXBuildFile; fileRef = AF3F794D411FEEBEB887070E /* Appearance.swift */; };
		31B8EF9220CBFD3C5BCC859C /* SkullIllustration.swift in Sources */ = {isa = PBXBuildFile; fileRef = 7E1A176DD7223A1EABDC3795 /* SkullIllustration.swift */; };
		33FF65F03254A03D1E9BBB05 /* Art+Creatures.swift in Sources */ = {isa = PBXBuildFile; fileRef = F467142E42E3D1B341A8A89D /* Art+Creatures.swift */; };
		3D5A388D1059B606E25BC9A4 /* CourseLookupTests.swift in Sources */ = {isa = PBXBuildFile; fileRef = AEC3A2DD73D7BEBB960396D3 /* CourseLookupTests.swift */; };
		3FB43802011FCC28A6DB1DEF /* PaymentText.swift in Sources */ = {isa = PBXBuildFile; fileRef = 72F1F7A1BBD8ECECCD3E7C71 /* PaymentText.swift */; };
		4157E414659CD8672C3911E6 /* WolfRoundTests.swift in Sources */ = {isa = PBXBuildFile; fileRef = D48A7D7AAB406132941AEEA3 /* WolfRoundTests.swift */; };
		41BC16092F0EF4F55B9EBE34 /* PaymentStatus.swift in Sources */ = {isa = PBXBuildFile; fileRef = 5B8F63B16EA5B6B33275EA28 /* PaymentStatus.swift */; };
		437C412F663A653B6D58BD11 /* PaletteContrastTests.swift in Sources */ = {isa = PBXBuildFile; fileRef = 475E17658506CC1C45DC229B /* PaletteContrastTests.swift */; };
		45AA08DC6A27A41955028092 /* GameSnapshotRoundTests.swift in Sources */ = {isa = PBXBuildFile; fileRef = B0520B663BEE266B9C048474 /* GameSnapshotRoundTests.swift */; };
		46518D3A459852119782FD68 /* RoundSettlement.swift in Sources */ = {isa = PBXBuildFile; fileRef = 616E2202702B51E142873C6F /* RoundSettlement.swift */; };
		46A969E40B729DB0BB795091 /* SettlementPaymentsUITests.swift in Sources */ = {isa = PBXBuildFile; fileRef = CD64146D765EB01244DCE8E2 /* SettlementPaymentsUITests.swift */; };
		47A74E957AE9C52BD7A7CC14 /* CourseCache.swift in Sources */ = {isa = PBXBuildFile; fileRef = A16DDF9FA82DB2C7DAA4DA18 /* CourseCache.swift */; };
		49B7DCDC3BDBFFBB0FC04B0A /* CourseFixtures.swift in Sources */ = {isa = PBXBuildFile; fileRef = B497045D18E429FE0E34E6DD /* CourseFixtures.swift */; };
		4DE74493489E6AA224149E17 /* EventQueue.swift in Sources */ = {isa = PBXBuildFile; fileRef = 47FAAC4BEF8436A4351C453E /* EventQueue.swift */; };
		4FBD368FD94A824561BD8DCD /* CourseLookupViews.swift in Sources */ = {isa = PBXBuildFile; fileRef = 118E85773F6E4DCD2DE72521 /* CourseLookupViews.swift */; };
		5190BB98939D0884E93F8DFF /* PaymentSheet.swift in Sources */ = {isa = PBXBuildFile; fileRef = 842F500205F4A8AA7401C957 /* PaymentSheet.swift */; };
		55EC62C22D5C97DCF8546966 /* RoundScorerTests.swift in Sources */ = {isa = PBXBuildFile; fileRef = 7CFDB4A7DE9A3404B98DEC46 /* RoundScorerTests.swift */; };
		57974A4ACA8940F765EFF946 /* GameScenes.swift in Sources */ = {isa = PBXBuildFile; fileRef = A725B0CFF939A36B8B782390 /* GameScenes.swift */; };
		57C2188B51FC32580E11CA65 /* RootView.swift in Sources */ = {isa = PBXBuildFile; fileRef = 912E188A28C6D1226061D662 /* RootView.swift */; };
		59CDFC1A65E449E9DF900848 /* SettlementView.swift in Sources */ = {isa = PBXBuildFile; fileRef = AF9CB3863F2CDC5C4E6447AE /* SettlementView.swift */; };
		5A1E5145B8B99F4CC673E455 /* WadApp.swift in Sources */ = {isa = PBXBuildFile; fileRef = 28954BB815B1B26D50EC2494 /* WadApp.swift */; };
		5D33900553C130DC8289FCD1 /* RoundSetupView.swift in Sources */ = {isa = PBXBuildFile; fileRef = 5FA0C5629AE9D8BCA1345142 /* RoundSetupView.swift */; };
		609344EC535FF49F6416223F /* EventSettingsTests.swift in Sources */ = {isa = PBXBuildFile; fileRef = 6051F2FC650EE0A73B7B8BB5 /* EventSettingsTests.swift */; };
		62128B2E3BAE0757C69DC9CA /* RoundDraftTests.swift in Sources */ = {isa = PBXBuildFile; fileRef = BAE26489214D11F38B99B353 /* RoundDraftTests.swift */; };
		62252DAB7C3DB4924E687008 /* RoundScorer.swift in Sources */ = {isa = PBXBuildFile; fileRef = DC5DC97A91548EBAA368015E /* RoundScorer.swift */; };
		6481642D839E1EF7DD65421A /* HoleScoringView.swift in Sources */ = {isa = PBXBuildFile; fileRef = C4F09760D77B321EFB56F66D /* HoleScoringView.swift */; };
		65447551F66FD263FE41AC9C /* RoundDraft.swift in Sources */ = {isa = PBXBuildFile; fileRef = BF48B724C43F7D8EA1D73131 /* RoundDraft.swift */; };
		6598B07A15B1A43DD76AC169 /* CourseLookup.swift in Sources */ = {isa = PBXBuildFile; fileRef = 71AFA2FB68E7EFFDCA5EB931 /* CourseLookup.swift */; };
		683D5AE172A5EABB174F2B2F /* Round+Engine.swift in Sources */ = {isa = PBXBuildFile; fileRef = 900F03E39F38789C52B71BE1 /* Round+Engine.swift */; };
		6902B1014AE02F3A3E257C68 /* RoundSettlementTests.swift in Sources */ = {isa = PBXBuildFile; fileRef = 248E09433BBC0C448FF1307A /* RoundSettlementTests.swift */; };
		6D216F50D808DDE61AC3277E /* RoundStatusTests.swift in Sources */ = {isa = PBXBuildFile; fileRef = CFDF6B0261F3395203ECD8C3 /* RoundStatusTests.swift */; };
		6D4322ECE6AA7C4946126775 /* GameEvent.swift in Sources */ = {isa = PBXBuildFile; fileRef = AEF35DAFBF525390C1AF89D5 /* GameEvent.swift */; };
		6D5238486E97759177DDBC5C /* RoundsView.swift in Sources */ = {isa = PBXBuildFile; fileRef = E5D2EE6C7A61A773128445CF /* RoundsView.swift */; };
		6F1288F49DA0C4D70D0920FD /* CourseSelection.swift in Sources */ = {isa = PBXBuildFile; fileRef = F7281CFDDD7BD6C8B03DFC2C /* CourseSelection.swift */; };
		71462B2E1B0475C3F02FF549 /* ScoreScenes.swift in Sources */ = {isa = PBXBuildFile; fileRef = 4A8D2BF1FB1AE36B290CE4C6 /* ScoreScenes.swift */; };
		74505FE1E8DDECD31BC8C0DF /* EngineBridge.swift in Sources */ = {isa = PBXBuildFile; fileRef = 9C0945A7071A5F92EE491A1B /* EngineBridge.swift */; };
		75A987C016A3573267212696 /* Art+Hands.swift in Sources */ = {isa = PBXBuildFile; fileRef = FF24CC4BD4B717366887177D /* Art+Hands.swift */; };
		7A5449F788742A8EDE7992B0 /* CoursesTests.swift in Sources */ = {isa = PBXBuildFile; fileRef = 16D1CADB905FA895CA6F0ADF /* CoursesTests.swift */; };
		7C176990040192B0768D7420 /* WolfText.swift in Sources */ = {isa = PBXBuildFile; fileRef = FEC8D744C7C1D0055F8143D9 /* WolfText.swift */; };
		7EBA2F0AD86ECB9D2F9496E3 /* CourseStepTests.swift in Sources */ = {isa = PBXBuildFile; fileRef = EA71740445547E3EF50B7A0B /* CourseStepTests.swift */; };
		81F2A809719D15DED3491390 /* RoundSummary.swift in Sources */ = {isa = PBXBuildFile; fileRef = AE8E812D2B4D00B472A6DC93 /* RoundSummary.swift */; };
		888A9A864196CB2016649D11 /* RoundStoreTests.swift in Sources */ = {isa = PBXBuildFile; fileRef = F87F046930E8678C6BB01870 /* RoundStoreTests.swift */; };
		8C7F7FCB4AADAD81B7E3F778 /* WolfSettlementSections.swift in Sources */ = {isa = PBXBuildFile; fileRef = A125A32935C566A07E9E79AA /* WolfSettlementSections.swift */; };
		8EF772DF6042BD4B5CD866DF /* WolfGamesSection.swift in Sources */ = {isa = PBXBuildFile; fileRef = E6EE5F7E5F58E15F1719B988 /* WolfGamesSection.swift */; };
		9379D620D2A9356D7E0F7048 /* WolfDraft.swift in Sources */ = {isa = PBXBuildFile; fileRef = B896C5A63E2565AA1B25EACD /* WolfDraft.swift */; };
		951989C177EEE95C5073EA7F /* SceneHelpers.swift in Sources */ = {isa = PBXBuildFile; fileRef = EC95002725110A9C7A0DF07D /* SceneHelpers.swift */; };
		9723669B404B2C12BA13F869 /* WolfSettlementTests.swift in Sources */ = {isa = PBXBuildFile; fileRef = 5269C1DB22472246FD41CAF9 /* WolfSettlementTests.swift */; };
		97B5C12FF701DE50A2B33FED /* RoundEngineMappingTests.swift in Sources */ = {isa = PBXBuildFile; fileRef = 78A03D4C8291CC654846B808 /* RoundEngineMappingTests.swift */; };
		9B615E37BD1AD2E9CFCFA2AD /* LiveSession.swift in Sources */ = {isa = PBXBuildFile; fileRef = 66B61D9C0D6A514E61BE44BC /* LiveSession.swift */; };
		9B91F3112AB53F7CCC8DA302 /* Contrast.swift in Sources */ = {isa = PBXBuildFile; fileRef = 0B3A134F3E4F6A7DFCD5F810 /* Contrast.swift */; };
		A046A6C075DE682ED0120E45 /* EventSynthTests.swift in Sources */ = {isa = PBXBuildFile; fileRef = CA872D9744019AAB2ED6FA63 /* EventSynthTests.swift */; };
		A1A92D005292B6E3C8128BCF /* Anim.swift in Sources */ = {isa = PBXBuildFile; fileRef = 22F240D58851243780EA3592 /* Anim.swift */; };
		A27A28B2BADA0B07AAD467E5 /* GameSnapshot.swift in Sources */ = {isa = PBXBuildFile; fileRef = 83CD27B26E656467C9B0AEA2 /* GameSnapshot.swift */; };
		A67A2715555DD38A8AA02F57 /* ScorecardView.swift in Sources */ = {isa = PBXBuildFile; fileRef = 74DCCB64A1078BE92554F993 /* ScorecardView.swift */; };
		A89DA6A02F87D0A107ECC947 /* Scorecard.swift in Sources */ = {isa = PBXBuildFile; fileRef = 30520B92F6050E5DBE08F9AB /* Scorecard.swift */; };
		B042EF833CFA64B858B93FDF /* SetupText.swift in Sources */ = {isa = PBXBuildFile; fileRef = 51B211A862D53BE2F1E88B0F /* SetupText.swift */; };
		B0434DCE6531D9598D108D14 /* CourseDetailView.swift in Sources */ = {isa = PBXBuildFile; fileRef = 91AA7890B752649598A733E9 /* CourseDetailView.swift */; };
		B40097B783C40B9B012D1963 /* LocationFix.swift in Sources */ = {isa = PBXBuildFile; fileRef = B5BDB91EB391D066C2320A1C /* LocationFix.swift */; };
		B4D2C2FB526BCA899AA06436 /* WolfEngineBridgeTests.swift in Sources */ = {isa = PBXBuildFile; fileRef = BE3D66F13418D25AF32E4F0F /* WolfEngineBridgeTests.swift */; };
		B819C488273527A314D695B2 /* VenmoTests.swift in Sources */ = {isa = PBXBuildFile; fileRef = 20D6263288B8B3A683232856 /* VenmoTests.swift */; };
		B952AEE187004F397D1274EC /* VenmoHandleEditor.swift in Sources */ = {isa = PBXBuildFile; fileRef = 2EF4BDC00105CB02B119E77C /* VenmoHandleEditor.swift */; };
		BAB7FF7A4BBFC3D034744691 /* EventQueueTests.swift in Sources */ = {isa = PBXBuildFile; fileRef = 78DDA93C4D7483CA3BAE0849 /* EventQueueTests.swift */; };
		BBAD81CF58FA0A6D72204D11 /* CourseLookupClient.swift in Sources */ = {isa = PBXBuildFile; fileRef = 7F6226252CA4567B45F89BCF /* CourseLookupClient.swift */; };
		BDDE34B5B1FAE0C5279FC601 /* EngineBridgeTests.swift in Sources */ = {isa = PBXBuildFile; fileRef = 4F735D2CB281B593B4739FFC /* EngineBridgeTests.swift */; };
		BFA47CE91ED96D733258E701 /* EventHaptics.swift in Sources */ = {isa = PBXBuildFile; fileRef = 79DAB84E45AFB9828998E49B /* EventHaptics.swift */; };
		C216948CF792106665C99575 /* RoundDeleteUITests.swift in Sources */ = {isa = PBXBuildFile; fileRef = 44C05F0716A72349D2C6C4F7 /* RoundDeleteUITests.swift */; };
		C4D300A6BF1D3ACAB300E4AB /* EventOverlay.swift in Sources */ = {isa = PBXBuildFile; fileRef = AF2DEA8C7507569731AD52B6 /* EventOverlay.swift */; };
		C6B6B43414FDA2AD41E68E02 /* ScoreNotation.swift in Sources */ = {isa = PBXBuildFile; fileRef = EE51D46F5765B9E0E4177512 /* ScoreNotation.swift */; };
		C900DF2D1DE8BB6960B83BB8 /* PaymentLedger.swift in Sources */ = {isa = PBXBuildFile; fileRef = DE8AD507E0F991DF23F594D7 /* PaymentLedger.swift */; };
		CB4FB12ED4D76A456F16E96C /* LiveMessageTests.swift in Sources */ = {isa = PBXBuildFile; fileRef = 7A4EA82DAD04D9DF920BD953 /* LiveMessageTests.swift */; };
		CC4964A3E9C2D0E36FE98B3D /* LiveTransport.swift in Sources */ = {isa = PBXBuildFile; fileRef = F54566AEC6D359807D4B5BCE /* LiveTransport.swift */; };
		CC6CFD5A6122894BB9A2FCEF /* EventSoundPlayer.swift in Sources */ = {isa = PBXBuildFile; fileRef = D14B08944B02A2670BC26AE3 /* EventSoundPlayer.swift */; };
		CDD0B4BC751D424FF90CC3FE /* SetupTextTests.swift in Sources */ = {isa = PBXBuildFile; fileRef = 21CC23CCB832C0C9647F9D15 /* SetupTextTests.swift */; };
		CE4D8A0EFBC72BAF1A9B7A1C /* ScoreNotationTests.swift in Sources */ = {isa = PBXBuildFile; fileRef = AF1B85E46BF1B78CFE04B2CC /* ScoreNotationTests.swift */; };
		CEBE1D7C59F1988D3D5C2C16 /* LiveFakes.swift in Sources */ = {isa = PBXBuildFile; fileRef = A8A53DF79050979A3DA14697 /* LiveFakes.swift */; };
		D03EB685F073D1275DF56D63 /* CoursesModel.swift in Sources */ = {isa = PBXBuildFile; fileRef = BDDA0CA259F88AC197149488 /* CoursesModel.swift */; };
		D5C9C5111D2E3C87EB2997E7 /* GameSnapshot+Round.swift in Sources */ = {isa = PBXBuildFile; fileRef = 72F1B766792B776DC40E58CD /* GameSnapshot+Round.swift */; };
		D83D5A7D04DA502F39C38DBC /* SettlementText.swift in Sources */ = {isa = PBXBuildFile; fileRef = 03E438FFDB8F99D65C5E690F /* SettlementText.swift */; };
		D8480444BEFCDA525B807361 /* Round+Wolf.swift in Sources */ = {isa = PBXBuildFile; fileRef = A928839C1C2364500F5F4CB9 /* Round+Wolf.swift */; };
		D9DD69D1BE064487F10E88B8 /* LiveSessionTests.swift in Sources */ = {isa = PBXBuildFile; fileRef = 75E9F73EB3FB5F9B2B95EFEE /* LiveSessionTests.swift */; };
		DA169FB9E57726485329E646 /* engines.js in Resources */ = {isa = PBXBuildFile; fileRef = E15243CD43A4CBE9E9669CE0 /* engines.js */; };
		DB670CCC67027C7A912170F8 /* EngineTypes.swift in Sources */ = {isa = PBXBuildFile; fileRef = 3AB6E42DB5879EA56976E812 /* EngineTypes.swift */; };
		DC5A06D011A18F55FB04F0CF /* EventDetectorTests.swift in Sources */ = {isa = PBXBuildFile; fileRef = 0246A3A8C544193B87BD6F01 /* EventDetectorTests.swift */; };
		DCFC3FB517862868E66EE9E7 /* RoundDetailView.swift in Sources */ = {isa = PBXBuildFile; fileRef = 6388D01910F1B4BD36E98B75 /* RoundDetailView.swift */; };
		DDB4369A59FD329C3208E366 /* EventSynth.swift in Sources */ = {isa = PBXBuildFile; fileRef = 18C993117C88B2D9392DEDC0 /* EventSynth.swift */; };
		DFEAD39D8BA16CF798CEAB9A /* WolfDraftTests.swift in Sources */ = {isa = PBXBuildFile; fileRef = FBC78A9B92F18E959432DAF0 /* WolfDraftTests.swift */; };
		E179345B74B7A49608E92D67 /* LiveCenter.swift in Sources */ = {isa = PBXBuildFile; fileRef = C25E5ABDA8DD57DBB8B53594 /* LiveCenter.swift */; };
		E657F1FDE817BF34608C883E /* DebugRounds.swift in Sources */ = {isa = PBXBuildFile; fileRef = B99C6AA1DB2376BE531C0676 /* DebugRounds.swift */; };
		EA1FCF7CCA1084F8BE07FF08 /* RoundSettlement+Wolf.swift in Sources */ = {isa = PBXBuildFile; fileRef = C038449B7BCB23643C5D0487 /* RoundSettlement+Wolf.swift */; };
		EBCF7DAEB8FBC7D907459DAE /* RoundStatus.swift in Sources */ = {isa = PBXBuildFile; fileRef = 5F7E62E8812C4DD83391664E /* RoundStatus.swift */; };
		EC164D1539497AB652296E08 /* LinkOpener.swift in Sources */ = {isa = PBXBuildFile; fileRef = 54F89F4BA5F72BC9CDDAE20C /* LinkOpener.swift */; };
		EC8679E12F161585CB734250 /* Components.swift in Sources */ = {isa = PBXBuildFile; fileRef = 9AA4302E35C714D619BE1472 /* Components.swift */; };
		ECB71C54506A706DF001C3D3 /* EventSKScene.swift in Sources */ = {isa = PBXBuildFile; fileRef = E7E70689AA445DEBEF9A5F59 /* EventSKScene.swift */; };
		F4CE4B6526BD741FDD9C132E /* LiveCenterTests.swift in Sources */ = {isa = PBXBuildFile; fileRef = EC3413A702A699514961EE45 /* LiveCenterTests.swift */; };
		F871197F76B101191942CC47 /* StoreMigrationTests.swift in Sources */ = {isa = PBXBuildFile; fileRef = 4FBB3E4566E4FB8060EBA6FD /* StoreMigrationTests.swift */; };
		F9CFF8FB188C1EF97D90BA8E /* PaymentTests.swift in Sources */ = {isa = PBXBuildFile; fileRef = C5FB6ED545DD1295664F678A /* PaymentTests.swift */; };
/* End PBXBuildFile section */

/* Begin PBXContainerItemProxy section */
		22EBEA5959151A75B9E0B4D3 /* PBXContainerItemProxy */ = {
			isa = PBXContainerItemProxy;
			containerPortal = 035E4A6402FD4FD04C33877F /* Project object */;
			proxyType = 1;
			remoteGlobalIDString = 3B0920C6DB13388FF0EA6DDB;
			remoteInfo = Wad;
		};
		87EB1F6316A75D0B345AA17E /* PBXContainerItemProxy */ = {
			isa = PBXContainerItemProxy;
			containerPortal = 035E4A6402FD4FD04C33877F /* Project object */;
			proxyType = 1;
			remoteGlobalIDString = 3B0920C6DB13388FF0EA6DDB;
			remoteInfo = Wad;
		};
/* End PBXContainerItemProxy section */

/* Begin PBXFileReference section */
		0246A3A8C544193B87BD6F01 /* EventDetectorTests.swift */ = {isa = PBXFileReference; lastKnownFileType = sourcecode.swift; path = EventDetectorTests.swift; sourceTree = "<group>"; };
		03E438FFDB8F99D65C5E690F /* SettlementText.swift */ = {isa = PBXFileReference; lastKnownFileType = sourcecode.swift; path = SettlementText.swift; sourceTree = "<group>"; };
		0B1C7A7CB20FD5B4F010CB46 /* CourseFakes.swift */ = {isa = PBXFileReference; lastKnownFileType = sourcecode.swift; path = CourseFakes.swift; sourceTree = "<group>"; };
		0B1F0EC82C58BCF0C525EA3F /* WolfHoleModel.swift */ = {isa = PBXFileReference; lastKnownFileType = sourcecode.swift; path = WolfHoleModel.swift; sourceTree = "<group>"; };
		0B3A134F3E4F6A7DFCD5F810 /* Contrast.swift */ = {isa = PBXFileReference; lastKnownFileType = sourcecode.swift; path = Contrast.swift; sourceTree = "<group>"; };
		118E85773F6E4DCD2DE72521 /* CourseLookupViews.swift */ = {isa = PBXFileReference; lastKnownFileType = sourcecode.swift; path = CourseLookupViews.swift; sourceTree = "<group>"; };
		16D1CADB905FA895CA6F0ADF /* CoursesTests.swift */ = {isa = PBXFileReference; lastKnownFileType = sourcecode.swift; path = CoursesTests.swift; sourceTree = "<group>"; };
		18C993117C88B2D9392DEDC0 /* EventSynth.swift */ = {isa = PBXFileReference; lastKnownFileType = sourcecode.swift; path = EventSynth.swift; sourceTree = "<group>"; };
		20D6263288B8B3A683232856 /* VenmoTests.swift */ = {isa = PBXFileReference; lastKnownFileType = sourcecode.swift; path = VenmoTests.swift; sourceTree = "<group>"; };
		21CC23CCB832C0C9647F9D15 /* SetupTextTests.swift */ = {isa = PBXFileReference; lastKnownFileType = sourcecode.swift; path = SetupTextTests.swift; sourceTree = "<group>"; };
		22F240D58851243780EA3592 /* Anim.swift */ = {isa = PBXFileReference; lastKnownFileType = sourcecode.swift; path = Anim.swift; sourceTree = "<group>"; };
		248E09433BBC0C448FF1307A /* RoundSettlementTests.swift */ = {isa = PBXFileReference; lastKnownFileType = sourcecode.swift; path = RoundSettlementTests.swift; sourceTree = "<group>"; };
		26319026AF5D8274B08A0004 /* ScoringText.swift */ = {isa = PBXFileReference; lastKnownFileType = sourcecode.swift; path = ScoringText.swift; sourceTree = "<group>"; };
		28954BB815B1B26D50EC2494 /* WadApp.swift */ = {isa = PBXFileReference; lastKnownFileType = sourcecode.swift; path = WadApp.swift; sourceTree = "<group>"; };
		2AA5ABE24F2F1A7E3F72CD33 /* RoundSummaryTests.swift */ = {isa = PBXFileReference; lastKnownFileType = sourcecode.swift; path = RoundSummaryTests.swift; sourceTree = "<group>"; };
		2C193555C3C2B0E584EE7F5B /* Signing.xcconfig */ = {isa = PBXFileReference; lastKnownFileType = text.xcconfig; path = Signing.xcconfig; sourceTree = "<group>"; };
		2EF4BDC00105CB02B119E77C /* VenmoHandleEditor.swift */ = {isa = PBXFileReference; lastKnownFileType = sourcecode.swift; path = VenmoHandleEditor.swift; sourceTree = "<group>"; };
		30520B92F6050E5DBE08F9AB /* Scorecard.swift */ = {isa = PBXFileReference; lastKnownFileType = sourcecode.swift; path = Scorecard.swift; sourceTree = "<group>"; };
		35E6A0FB9254B4C1E0DF6419 /* Theme.swift */ = {isa = PBXFileReference; lastKnownFileType = sourcecode.swift; path = Theme.swift; sourceTree = "<group>"; };
		3AB6E42DB5879EA56976E812 /* EngineTypes.swift */ = {isa = PBXFileReference; lastKnownFileType = sourcecode.swift; path = EngineTypes.swift; sourceTree = "<group>"; };
		42A428BA4BA755FB2C3B9853 /* CourseTypes.swift */ = {isa = PBXFileReference; lastKnownFileType = sourcecode.swift; path = CourseTypes.swift; sourceTree = "<group>"; };
		44C05F0716A72349D2C6C4F7 /* RoundDeleteUITests.swift */ = {isa = PBXFileReference; lastKnownFileType = sourcecode.swift; path = RoundDeleteUITests.swift; sourceTree = "<group>"; };
		475E17658506CC1C45DC229B /* PaletteContrastTests.swift */ = {isa = PBXFileReference; lastKnownFileType = sourcecode.swift; path = PaletteContrastTests.swift; sourceTree = "<group>"; };
		47FAAC4BEF8436A4351C453E /* EventQueue.swift */ = {isa = PBXFileReference; lastKnownFileType = sourcecode.swift; path = EventQueue.swift; sourceTree = "<group>"; };
		4A8D2BF1FB1AE36B290CE4C6 /* ScoreScenes.swift */ = {isa = PBXFileReference; lastKnownFileType = sourcecode.swift; path = ScoreScenes.swift; sourceTree = "<group>"; };
		4F735D2CB281B593B4739FFC /* EngineBridgeTests.swift */ = {isa = PBXFileReference; lastKnownFileType = sourcecode.swift; path = EngineBridgeTests.swift; sourceTree = "<group>"; };
		4FBB3E4566E4FB8060EBA6FD /* StoreMigrationTests.swift */ = {isa = PBXFileReference; lastKnownFileType = sourcecode.swift; path = StoreMigrationTests.swift; sourceTree = "<group>"; };
		51B211A862D53BE2F1E88B0F /* SetupText.swift */ = {isa = PBXFileReference; lastKnownFileType = sourcecode.swift; path = SetupText.swift; sourceTree = "<group>"; };
		5269C1DB22472246FD41CAF9 /* WolfSettlementTests.swift */ = {isa = PBXFileReference; lastKnownFileType = sourcecode.swift; path = WolfSettlementTests.swift; sourceTree = "<group>"; };
		528D789C9D8A692704AC67C2 /* RoundFixtures.swift */ = {isa = PBXFileReference; lastKnownFileType = sourcecode.swift; path = RoundFixtures.swift; sourceTree = "<group>"; };
		54F89F4BA5F72BC9CDDAE20C /* LinkOpener.swift */ = {isa = PBXFileReference; lastKnownFileType = sourcecode.swift; path = LinkOpener.swift; sourceTree = "<group>"; };
		573102ED5A9363665C95958C /* Art+Props.swift */ = {isa = PBXFileReference; lastKnownFileType = sourcecode.swift; path = "Art+Props.swift"; sourceTree = "<group>"; };
		5B8F63B16EA5B6B33275EA28 /* PaymentStatus.swift */ = {isa = PBXFileReference; lastKnownFileType = sourcecode.swift; path = PaymentStatus.swift; sourceTree = "<group>"; };
		5F7E62E8812C4DD83391664E /* RoundStatus.swift */ = {isa = PBXFileReference; lastKnownFileType = sourcecode.swift; path = RoundStatus.swift; sourceTree = "<group>"; };
		5FA0C5629AE9D8BCA1345142 /* RoundSetupView.swift */ = {isa = PBXFileReference; lastKnownFileType = sourcecode.swift; path = RoundSetupView.swift; sourceTree = "<group>"; };
		6051F2FC650EE0A73B7B8BB5 /* EventSettingsTests.swift */ = {isa = PBXFileReference; lastKnownFileType = sourcecode.swift; path = EventSettingsTests.swift; sourceTree = "<group>"; };
		616E2202702B51E142873C6F /* RoundSettlement.swift */ = {isa = PBXFileReference; lastKnownFileType = sourcecode.swift; path = RoundSettlement.swift; sourceTree = "<group>"; };
		620BC3C02FF4B4ABADA8EA79 /* RoundScorer+Wolf.swift */ = {isa = PBXFileReference; lastKnownFileType = sourcecode.swift; path = "RoundScorer+Wolf.swift"; sourceTree = "<group>"; };
		6388D01910F1B4BD36E98B75 /* RoundDetailView.swift */ = {isa = PBXFileReference; lastKnownFileType = sourcecode.swift; path = RoundDetailView.swift; sourceTree = "<group>"; };
		66B61D9C0D6A514E61BE44BC /* LiveSession.swift */ = {isa = PBXFileReference; lastKnownFileType = sourcecode.swift; path = LiveSession.swift; sourceTree = "<group>"; };
		6BBD493D8E3EBA40EABAC02C /* Wad.app */ = {isa = PBXFileReference; includeInIndex = 0; lastKnownFileType = wrapper.application; path = Wad.app; sourceTree = BUILT_PRODUCTS_DIR; };
		6DF518CEF4CB9AB454798F08 /* LiveConfiguration.swift */ = {isa = PBXFileReference; lastKnownFileType = sourcecode.swift; path = LiveConfiguration.swift; sourceTree = "<group>"; };
		71AFA2FB68E7EFFDCA5EB931 /* CourseLookup.swift */ = {isa = PBXFileReference; lastKnownFileType = sourcecode.swift; path = CourseLookup.swift; sourceTree = "<group>"; };
		72F1B766792B776DC40E58CD /* GameSnapshot+Round.swift */ = {isa = PBXFileReference; lastKnownFileType = sourcecode.swift; path = "GameSnapshot+Round.swift"; sourceTree = "<group>"; };
		72F1F7A1BBD8ECECCD3E7C71 /* PaymentText.swift */ = {isa = PBXFileReference; lastKnownFileType = sourcecode.swift; path = PaymentText.swift; sourceTree = "<group>"; };
		74DCCB64A1078BE92554F993 /* ScorecardView.swift */ = {isa = PBXFileReference; lastKnownFileType = sourcecode.swift; path = ScorecardView.swift; sourceTree = "<group>"; };
		75E9F73EB3FB5F9B2B95EFEE /* LiveSessionTests.swift */ = {isa = PBXFileReference; lastKnownFileType = sourcecode.swift; path = LiveSessionTests.swift; sourceTree = "<group>"; };
		78A03D4C8291CC654846B808 /* RoundEngineMappingTests.swift */ = {isa = PBXFileReference; lastKnownFileType = sourcecode.swift; path = RoundEngineMappingTests.swift; sourceTree = "<group>"; };
		78DDA93C4D7483CA3BAE0849 /* EventQueueTests.swift */ = {isa = PBXFileReference; lastKnownFileType = sourcecode.swift; path = EventQueueTests.swift; sourceTree = "<group>"; };
		79DAB84E45AFB9828998E49B /* EventHaptics.swift */ = {isa = PBXFileReference; lastKnownFileType = sourcecode.swift; path = EventHaptics.swift; sourceTree = "<group>"; };
		7A4EA82DAD04D9DF920BD953 /* LiveMessageTests.swift */ = {isa = PBXFileReference; lastKnownFileType = sourcecode.swift; path = LiveMessageTests.swift; sourceTree = "<group>"; };
		7CAEF146D41870412F0025A4 /* WadTests.xctest */ = {isa = PBXFileReference; includeInIndex = 0; lastKnownFileType = wrapper.cfbundle; path = WadTests.xctest; sourceTree = BUILT_PRODUCTS_DIR; };
		7CFDB4A7DE9A3404B98DEC46 /* RoundScorerTests.swift */ = {isa = PBXFileReference; lastKnownFileType = sourcecode.swift; path = RoundScorerTests.swift; sourceTree = "<group>"; };
		7E1A176DD7223A1EABDC3795 /* SkullIllustration.swift */ = {isa = PBXFileReference; lastKnownFileType = sourcecode.swift; path = SkullIllustration.swift; sourceTree = "<group>"; };
		7F6226252CA4567B45F89BCF /* CourseLookupClient.swift */ = {isa = PBXFileReference; lastKnownFileType = sourcecode.swift; path = CourseLookupClient.swift; sourceTree = "<group>"; };
		83CD27B26E656467C9B0AEA2 /* GameSnapshot.swift */ = {isa = PBXFileReference; lastKnownFileType = sourcecode.swift; path = GameSnapshot.swift; sourceTree = "<group>"; };
		842F500205F4A8AA7401C957 /* PaymentSheet.swift */ = {isa = PBXFileReference; lastKnownFileType = sourcecode.swift; path = PaymentSheet.swift; sourceTree = "<group>"; };
		85635FE2DD965274992B6C63 /* LiveViews.swift */ = {isa = PBXFileReference; lastKnownFileType = sourcecode.swift; path = LiveViews.swift; sourceTree = "<group>"; };
		8BC8A2E4B0AF4401F2AD68F1 /* EventSettingsView.swift */ = {isa = PBXFileReference; lastKnownFileType = sourcecode.swift; path = EventSettingsView.swift; sourceTree = "<group>"; };
		900F03E39F38789C52B71BE1 /* Round+Engine.swift */ = {isa = PBXFileReference; lastKnownFileType = sourcecode.swift; path = "Round+Engine.swift"; sourceTree = "<group>"; };
		912E188A28C6D1226061D662 /* RootView.swift */ = {isa = PBXFileReference; lastKnownFileType = sourcecode.swift; path = RootView.swift; sourceTree = "<group>"; };
		91AA7890B752649598A733E9 /* CourseDetailView.swift */ = {isa = PBXFileReference; lastKnownFileType = sourcecode.swift; path = CourseDetailView.swift; sourceTree = "<group>"; };
		9AA4302E35C714D619BE1472 /* Components.swift */ = {isa = PBXFileReference; lastKnownFileType = sourcecode.swift; path = Components.swift; sourceTree = "<group>"; };
		9C0945A7071A5F92EE491A1B /* EngineBridge.swift */ = {isa = PBXFileReference; lastKnownFileType = sourcecode.swift; path = EngineBridge.swift; sourceTree = "<group>"; };
		A125A32935C566A07E9E79AA /* WolfSettlementSections.swift */ = {isa = PBXFileReference; lastKnownFileType = sourcecode.swift; path = WolfSettlementSections.swift; sourceTree = "<group>"; };
		A16DDF9FA82DB2C7DAA4DA18 /* CourseCache.swift */ = {isa = PBXFileReference; lastKnownFileType = sourcecode.swift; path = CourseCache.swift; sourceTree = "<group>"; };
		A61EFB65C703B672E8082C1B /* WolfHoleSection.swift */ = {isa = PBXFileReference; lastKnownFileType = sourcecode.swift; path = WolfHoleSection.swift; sourceTree = "<group>"; };
		A725B0CFF939A36B8B782390 /* GameScenes.swift */ = {isa = PBXFileReference; lastKnownFileType = sourcecode.swift; path = GameScenes.swift; sourceTree = "<group>"; };
		A8A53DF79050979A3DA14697 /* LiveFakes.swift */ = {isa = PBXFileReference; lastKnownFileType = sourcecode.swift; path = LiveFakes.swift; sourceTree = "<group>"; };
		A928839C1C2364500F5F4CB9 /* Round+Wolf.swift */ = {isa = PBXFileReference; lastKnownFileType = sourcecode.swift; path = "Round+Wolf.swift"; sourceTree = "<group>"; };
		AA7F37CDD4CF2BC199B4D1C0 /* VenmoHandle.swift */ = {isa = PBXFileReference; lastKnownFileType = sourcecode.swift; path = VenmoHandle.swift; sourceTree = "<group>"; };
		AE8E812D2B4D00B472A6DC93 /* RoundSummary.swift */ = {isa = PBXFileReference; lastKnownFileType = sourcecode.swift; path = RoundSummary.swift; sourceTree = "<group>"; };
		AEC3A2DD73D7BEBB960396D3 /* CourseLookupTests.swift */ = {isa = PBXFileReference; lastKnownFileType = sourcecode.swift; path = CourseLookupTests.swift; sourceTree = "<group>"; };
		AEF35DAFBF525390C1AF89D5 /* GameEvent.swift */ = {isa = PBXFileReference; lastKnownFileType = sourcecode.swift; path = GameEvent.swift; sourceTree = "<group>"; };
		AF1B85E46BF1B78CFE04B2CC /* ScoreNotationTests.swift */ = {isa = PBXFileReference; lastKnownFileType = sourcecode.swift; path = ScoreNotationTests.swift; sourceTree = "<group>"; };
		AF2DEA8C7507569731AD52B6 /* EventOverlay.swift */ = {isa = PBXFileReference; lastKnownFileType = sourcecode.swift; path = EventOverlay.swift; sourceTree = "<group>"; };
		AF3F794D411FEEBEB887070E /* Appearance.swift */ = {isa = PBXFileReference; lastKnownFileType = sourcecode.swift; path = Appearance.swift; sourceTree = "<group>"; };
		AF9CB3863F2CDC5C4E6447AE /* SettlementView.swift */ = {isa = PBXFileReference; lastKnownFileType = sourcecode.swift; path = SettlementView.swift; sourceTree = "<group>"; };
		B0520B663BEE266B9C048474 /* GameSnapshotRoundTests.swift */ = {isa = PBXFileReference; lastKnownFileType = sourcecode.swift; path = GameSnapshotRoundTests.swift; sourceTree = "<group>"; };
		B0542DE1346DEE445F2D3968 /* RoundWalkthroughUITests.swift */ = {isa = PBXFileReference; lastKnownFileType = sourcecode.swift; path = RoundWalkthroughUITests.swift; sourceTree = "<group>"; };
		B1D13E2BAAC34959F4DE5E64 /* Round.swift */ = {isa = PBXFileReference; lastKnownFileType = sourcecode.swift; path = Round.swift; sourceTree = "<group>"; };
		B497045D18E429FE0E34E6DD /* CourseFixtures.swift */ = {isa = PBXFileReference; lastKnownFileType = sourcecode.swift; path = CourseFixtures.swift; sourceTree = "<group>"; };
		B4CC503985C5B2A15B26BCCA /* EventSettings.swift */ = {isa = PBXFileReference; lastKnownFileType = sourcecode.swift; path = EventSettings.swift; sourceTree = "<group>"; };
		B5BDB91EB391D066C2320A1C /* LocationFix.swift */ = {isa = PBXFileReference; lastKnownFileType = sourcecode.swift; path = LocationFix.swift; sourceTree = "<group>"; };
		B896C5A63E2565AA1B25EACD /* WolfDraft.swift */ = {isa = PBXFileReference; lastKnownFileType = sourcecode.swift; path = WolfDraft.swift; sourceTree = "<group>"; };
		B8DD489A3A59FEF6208672D7 /* LiveMessage.swift */ = {isa = PBXFileReference; lastKnownFileType = sourcecode.swift; path = LiveMessage.swift; sourceTree = "<group>"; };
		B99C6AA1DB2376BE531C0676 /* DebugRounds.swift */ = {isa = PBXFileReference; lastKnownFileType = sourcecode.swift; path = DebugRounds.swift; sourceTree = "<group>"; };
		BAE26489214D11F38B99B353 /* RoundDraftTests.swift */ = {isa = PBXFileReference; lastKnownFileType = sourcecode.swift; path = RoundDraftTests.swift; sourceTree = "<group>"; };
		BAE2C17388A7B361E43BC6DA /* WadUITests.xctest */ = {isa = PBXFileReference; includeInIndex = 0; lastKnownFileType = wrapper.cfbundle; path = WadUITests.xctest; sourceTree = BUILT_PRODUCTS_DIR; };
		BDDA0CA259F88AC197149488 /* CoursesModel.swift */ = {isa = PBXFileReference; lastKnownFileType = sourcecode.swift; path = CoursesModel.swift; sourceTree = "<group>"; };
		BE3D66F13418D25AF32E4F0F /* WolfEngineBridgeTests.swift */ = {isa = PBXFileReference; lastKnownFileType = sourcecode.swift; path = WolfEngineBridgeTests.swift; sourceTree = "<group>"; };
		BF48B724C43F7D8EA1D73131 /* RoundDraft.swift */ = {isa = PBXFileReference; lastKnownFileType = sourcecode.swift; path = RoundDraft.swift; sourceTree = "<group>"; };
		C038449B7BCB23643C5D0487 /* RoundSettlement+Wolf.swift */ = {isa = PBXFileReference; lastKnownFileType = sourcecode.swift; path = "RoundSettlement+Wolf.swift"; sourceTree = "<group>"; };
		C25E5ABDA8DD57DBB8B53594 /* LiveCenter.swift */ = {isa = PBXFileReference; lastKnownFileType = sourcecode.swift; path = LiveCenter.swift; sourceTree = "<group>"; };
		C4F09760D77B321EFB56F66D /* HoleScoringView.swift */ = {isa = PBXFileReference; lastKnownFileType = sourcecode.swift; path = HoleScoringView.swift; sourceTree = "<group>"; };
		C5FB6ED545DD1295664F678A /* PaymentTests.swift */ = {isa = PBXFileReference; lastKnownFileType = sourcecode.swift; path = PaymentTests.swift; sourceTree = "<group>"; };
		CA872D9744019AAB2ED6FA63 /* EventSynthTests.swift */ = {isa = PBXFileReference; lastKnownFileType = sourcecode.swift; path = EventSynthTests.swift; sourceTree = "<group>"; };
		CD64146D765EB01244DCE8E2 /* SettlementPaymentsUITests.swift */ = {isa = PBXFileReference; lastKnownFileType = sourcecode.swift; path = SettlementPaymentsUITests.swift; sourceTree = "<group>"; };
		CFDF6B0261F3395203ECD8C3 /* RoundStatusTests.swift */ = {isa = PBXFileReference; lastKnownFileType = sourcecode.swift; path = RoundStatusTests.swift; sourceTree = "<group>"; };
		D14B08944B02A2670BC26AE3 /* EventSoundPlayer.swift */ = {isa = PBXFileReference; lastKnownFileType = sourcecode.swift; path = EventSoundPlayer.swift; sourceTree = "<group>"; };
		D48A7D7AAB406132941AEEA3 /* WolfRoundTests.swift */ = {isa = PBXFileReference; lastKnownFileType = sourcecode.swift; path = WolfRoundTests.swift; sourceTree = "<group>"; };
		D6E411541133B20B1AF52633 /* RoundCompletionPrompt.swift */ = {isa = PBXFileReference; lastKnownFileType = sourcecode.swift; path = RoundCompletionPrompt.swift; sourceTree = "<group>"; };
		D92649F51DB96AFFA884F061 /* Info.plist */ = {isa = PBXFileReference; lastKnownFileType = text.plist; path = Info.plist; sourceTree = "<group>"; };
		DB593380B604DE507EC4B13B /* CoursesView.swift */ = {isa = PBXFileReference; lastKnownFileType = sourcecode.swift; path = CoursesView.swift; sourceTree = "<group>"; };
		DBEE989B137FBC0B4C0ED77F /* VenmoLink.swift */ = {isa = PBXFileReference; lastKnownFileType = sourcecode.swift; path = VenmoLink.swift; sourceTree = "<group>"; };
		DC5DC97A91548EBAA368015E /* RoundScorer.swift */ = {isa = PBXFileReference; lastKnownFileType = sourcecode.swift; path = RoundScorer.swift; sourceTree = "<group>"; };
		DE8AD507E0F991DF23F594D7 /* PaymentLedger.swift */ = {isa = PBXFileReference; lastKnownFileType = sourcecode.swift; path = PaymentLedger.swift; sourceTree = "<group>"; };
		DF4F8FC1A5FD40E128707D99 /* CourseStepModel.swift */ = {isa = PBXFileReference; lastKnownFileType = sourcecode.swift; path = CourseStepModel.swift; sourceTree = "<group>"; };
		E15243CD43A4CBE9E9669CE0 /* engines.js */ = {isa = PBXFileReference; lastKnownFileType = sourcecode.javascript; path = engines.js; sourceTree = "<group>"; };
		E5D2EE6C7A61A773128445CF /* RoundsView.swift */ = {isa = PBXFileReference; lastKnownFileType = sourcecode.swift; path = RoundsView.swift; sourceTree = "<group>"; };
		E6EE5F7E5F58E15F1719B988 /* WolfGamesSection.swift */ = {isa = PBXFileReference; lastKnownFileType = sourcecode.swift; path = WolfGamesSection.swift; sourceTree = "<group>"; };
		E7E70689AA445DEBEF9A5F59 /* EventSKScene.swift */ = {isa = PBXFileReference; lastKnownFileType = sourcecode.swift; path = EventSKScene.swift; sourceTree = "<group>"; };
		EA71740445547E3EF50B7A0B /* CourseStepTests.swift */ = {isa = PBXFileReference; lastKnownFileType = sourcecode.swift; path = CourseStepTests.swift; sourceTree = "<group>"; };
		EC3413A702A699514961EE45 /* LiveCenterTests.swift */ = {isa = PBXFileReference; lastKnownFileType = sourcecode.swift; path = LiveCenterTests.swift; sourceTree = "<group>"; };
		EC95002725110A9C7A0DF07D /* SceneHelpers.swift */ = {isa = PBXFileReference; lastKnownFileType = sourcecode.swift; path = SceneHelpers.swift; sourceTree = "<group>"; };
		EE51D46F5765B9E0E4177512 /* ScoreNotation.swift */ = {isa = PBXFileReference; lastKnownFileType = sourcecode.swift; path = ScoreNotation.swift; sourceTree = "<group>"; };
		F12AB045A3A72F9FBE737654 /* Assets.xcassets */ = {isa = PBXFileReference; lastKnownFileType = folder.assetcatalog; path = Assets.xcassets; sourceTree = "<group>"; };
		F467142E42E3D1B341A8A89D /* Art+Creatures.swift */ = {isa = PBXFileReference; lastKnownFileType = sourcecode.swift; path = "Art+Creatures.swift"; sourceTree = "<group>"; };
		F54566AEC6D359807D4B5BCE /* LiveTransport.swift */ = {isa = PBXFileReference; lastKnownFileType = sourcecode.swift; path = LiveTransport.swift; sourceTree = "<group>"; };
		F7281CFDDD7BD6C8B03DFC2C /* CourseSelection.swift */ = {isa = PBXFileReference; lastKnownFileType = sourcecode.swift; path = CourseSelection.swift; sourceTree = "<group>"; };
		F87F046930E8678C6BB01870 /* RoundStoreTests.swift */ = {isa = PBXFileReference; lastKnownFileType = sourcecode.swift; path = RoundStoreTests.swift; sourceTree = "<group>"; };
		F90F82CA49E2B024F36931B0 /* RoundCompletionPromptTests.swift */ = {isa = PBXFileReference; lastKnownFileType = sourcecode.swift; path = RoundCompletionPromptTests.swift; sourceTree = "<group>"; };
		FAD8E090D2AF4347F601C771 /* EventCenter.swift */ = {isa = PBXFileReference; lastKnownFileType = sourcecode.swift; path = EventCenter.swift; sourceTree = "<group>"; };
		FBC78A9B92F18E959432DAF0 /* WolfDraftTests.swift */ = {isa = PBXFileReference; lastKnownFileType = sourcecode.swift; path = WolfDraftTests.swift; sourceTree = "<group>"; };
		FEC8D744C7C1D0055F8143D9 /* WolfText.swift */ = {isa = PBXFileReference; lastKnownFileType = sourcecode.swift; path = WolfText.swift; sourceTree = "<group>"; };
		FF24CC4BD4B717366887177D /* Art+Hands.swift */ = {isa = PBXFileReference; lastKnownFileType = sourcecode.swift; path = "Art+Hands.swift"; sourceTree = "<group>"; };
/* End PBXFileReference section */

/* Begin PBXGroup section */
		03C5DD7883141D5C3F36CE29 /* Scoring */ = {
			isa = PBXGroup;
			children = (
				C4F09760D77B321EFB56F66D /* HoleScoringView.swift */,
				D6E411541133B20B1AF52633 /* RoundCompletionPrompt.swift */,
				DC5DC97A91548EBAA368015E /* RoundScorer.swift */,
				5F7E62E8812C4DD83391664E /* RoundStatus.swift */,
				30520B92F6050E5DBE08F9AB /* Scorecard.swift */,
				74DCCB64A1078BE92554F993 /* ScorecardView.swift */,
				26319026AF5D8274B08A0004 /* ScoringText.swift */,
			);
			path = Scoring;
			sourceTree = "<group>";
		};
		048092F612C38C9A5B891A77 /* Stage */ = {
			isa = PBXGroup;
			children = (
				22F240D58851243780EA3592 /* Anim.swift */,
				F467142E42E3D1B341A8A89D /* Art+Creatures.swift */,
				FF24CC4BD4B717366887177D /* Art+Hands.swift */,
				573102ED5A9363665C95958C /* Art+Props.swift */,
				E7E70689AA445DEBEF9A5F59 /* EventSKScene.swift */,
				A725B0CFF939A36B8B782390 /* GameScenes.swift */,
				EC95002725110A9C7A0DF07D /* SceneHelpers.swift */,
				4A8D2BF1FB1AE36B290CE4C6 /* ScoreScenes.swift */,
			);
			path = Stage;
			sourceTree = "<group>";
		};
		169BBB1DF63E230E967E066A /* Config */ = {
			isa = PBXGroup;
			children = (
				2C193555C3C2B0E584EE7F5B /* Signing.xcconfig */,
			);
			path = Config;
			sourceTree = "<group>";
		};
		216B68A7F28E06E5719F71D7 /* WadUITests */ = {
			isa = PBXGroup;
			children = (
				44C05F0716A72349D2C6C4F7 /* RoundDeleteUITests.swift */,
				B0542DE1346DEE445F2D3968 /* RoundWalkthroughUITests.swift */,
				CD64146D765EB01244DCE8E2 /* SettlementPaymentsUITests.swift */,
			);
			path = WadUITests;
			sourceTree = "<group>";
		};
		21D98713F3421DA47F5C01CA /* Wad */ = {
			isa = PBXGroup;
			children = (
				F12AB045A3A72F9FBE737654 /* Assets.xcassets */,
				D92649F51DB96AFFA884F061 /* Info.plist */,
				912E188A28C6D1226061D662 /* RootView.swift */,
				28954BB815B1B26D50EC2494 /* WadApp.swift */,
				4892C01E7A69EE46FC5049D5 /* Courses */,
				6E64267AE606FA089A097543 /* Engine */,
				CFC0A08894222A1099734F66 /* Events */,
				92438B5222E7F69140F1DAF4 /* History */,
				9974695DCCEA5F11652F6BC1 /* Live */,
				3866AB93AA367ABC41B8F343 /* Models */,
				D87C89764F316568ABBE4899 /* Payments */,
				E3A88C04363A4775D035ED52 /* Resources */,
				2ADB78951CCFF2FF82D55B9A /* Rounds */,
				03C5DD7883141D5C3F36CE29 /* Scoring */,
				ACC2A4F0B688A939E6EE3FDC /* Settlement */,
				D4272D846061139F0F811528 /* Setup */,
				F6096A793A69F137EAAD660F /* Theme */,
				68B353330D8291CF0A9E2C52 /* Wolf */,
			);
			path = Wad;
			sourceTree = "<group>";
		};
		2ADB78951CCFF2FF82D55B9A /* Rounds */ = {
			isa = PBXGroup;
			children = (
				6388D01910F1B4BD36E98B75 /* RoundDetailView.swift */,
				E5D2EE6C7A61A773128445CF /* RoundsView.swift */,
			);
			path = Rounds;
			sourceTree = "<group>";
		};
		2D5C33E34682195859AB6CDA /* WadTests */ = {
			isa = PBXGroup;
			children = (
				0B1C7A7CB20FD5B4F010CB46 /* CourseFakes.swift */,
				AEC3A2DD73D7BEBB960396D3 /* CourseLookupTests.swift */,
				EA71740445547E3EF50B7A0B /* CourseStepTests.swift */,
				16D1CADB905FA895CA6F0ADF /* CoursesTests.swift */,
				4F735D2CB281B593B4739FFC /* EngineBridgeTests.swift */,
				0246A3A8C544193B87BD6F01 /* EventDetectorTests.swift */,
				78DDA93C4D7483CA3BAE0849 /* EventQueueTests.swift */,
				6051F2FC650EE0A73B7B8BB5 /* EventSettingsTests.swift */,
				CA872D9744019AAB2ED6FA63 /* EventSynthTests.swift */,
				B0520B663BEE266B9C048474 /* GameSnapshotRoundTests.swift */,
				EC3413A702A699514961EE45 /* LiveCenterTests.swift */,
				A8A53DF79050979A3DA14697 /* LiveFakes.swift */,
				7A4EA82DAD04D9DF920BD953 /* LiveMessageTests.swift */,
				75E9F73EB3FB5F9B2B95EFEE /* LiveSessionTests.swift */,
				475E17658506CC1C45DC229B /* PaletteContrastTests.swift */,
				C5FB6ED545DD1295664F678A /* PaymentTests.swift */,
				F90F82CA49E2B024F36931B0 /* RoundCompletionPromptTests.swift */,
				BAE26489214D11F38B99B353 /* RoundDraftTests.swift */,
				78A03D4C8291CC654846B808 /* RoundEngineMappingTests.swift */,
				528D789C9D8A692704AC67C2 /* RoundFixtures.swift */,
				7CFDB4A7DE9A3404B98DEC46 /* RoundScorerTests.swift */,
				248E09433BBC0C448FF1307A /* RoundSettlementTests.swift */,
				CFDF6B0261F3395203ECD8C3 /* RoundStatusTests.swift */,
				F87F046930E8678C6BB01870 /* RoundStoreTests.swift */,
				2AA5ABE24F2F1A7E3F72CD33 /* RoundSummaryTests.swift */,
				AF1B85E46BF1B78CFE04B2CC /* ScoreNotationTests.swift */,
				21CC23CCB832C0C9647F9D15 /* SetupTextTests.swift */,
				4FBB3E4566E4FB8060EBA6FD /* StoreMigrationTests.swift */,
				20D6263288B8B3A683232856 /* VenmoTests.swift */,
				FBC78A9B92F18E959432DAF0 /* WolfDraftTests.swift */,
				BE3D66F13418D25AF32E4F0F /* WolfEngineBridgeTests.swift */,
				D48A7D7AAB406132941AEEA3 /* WolfRoundTests.swift */,
				5269C1DB22472246FD41CAF9 /* WolfSettlementTests.swift */,
			);
			path = WadTests;
			sourceTree = "<group>";
		};
		2F1E8ABF1FC2D89785F94C42 /* Products */ = {
			isa = PBXGroup;
			children = (
				6BBD493D8E3EBA40EABAC02C /* Wad.app */,
				7CAEF146D41870412F0025A4 /* WadTests.xctest */,
				BAE2C17388A7B361E43BC6DA /* WadUITests.xctest */,
			);
			name = Products;
			sourceTree = "<group>";
		};
		3866AB93AA367ABC41B8F343 /* Models */ = {
			isa = PBXGroup;
			children = (
				B1D13E2BAAC34959F4DE5E64 /* Round.swift */,
				900F03E39F38789C52B71BE1 /* Round+Engine.swift */,
			);
			path = Models;
			sourceTree = "<group>";
		};
		4892C01E7A69EE46FC5049D5 /* Courses */ = {
			isa = PBXGroup;
			children = (
				A16DDF9FA82DB2C7DAA4DA18 /* CourseCache.swift */,
				91AA7890B752649598A733E9 /* CourseDetailView.swift */,
				B497045D18E429FE0E34E6DD /* CourseFixtures.swift */,
				71AFA2FB68E7EFFDCA5EB931 /* CourseLookup.swift */,
				7F6226252CA4567B45F89BCF /* CourseLookupClient.swift */,
				F7281CFDDD7BD6C8B03DFC2C /* CourseSelection.swift */,
				BDDA0CA259F88AC197149488 /* CoursesModel.swift */,
				DF4F8FC1A5FD40E128707D99 /* CourseStepModel.swift */,
				DB593380B604DE507EC4B13B /* CoursesView.swift */,
				42A428BA4BA755FB2C3B9853 /* CourseTypes.swift */,
				B5BDB91EB391D066C2320A1C /* LocationFix.swift */,
			);
			path = Courses;
			sourceTree = "<group>";
		};
		68B353330D8291CF0A9E2C52 /* Wolf */ = {
			isa = PBXGroup;
			children = (
				A928839C1C2364500F5F4CB9 /* Round+Wolf.swift */,
				620BC3C02FF4B4ABADA8EA79 /* RoundScorer+Wolf.swift */,
				C038449B7BCB23643C5D0487 /* RoundSettlement+Wolf.swift */,
				B896C5A63E2565AA1B25EACD /* WolfDraft.swift */,
				E6EE5F7E5F58E15F1719B988 /* WolfGamesSection.swift */,
				0B1F0EC82C58BCF0C525EA3F /* WolfHoleModel.swift */,
				A61EFB65C703B672E8082C1B /* WolfHoleSection.swift */,
				A125A32935C566A07E9E79AA /* WolfSettlementSections.swift */,
				FEC8D744C7C1D0055F8143D9 /* WolfText.swift */,
			);
			path = Wolf;
			sourceTree = "<group>";
		};
		6E64267AE606FA089A097543 /* Engine */ = {
			isa = PBXGroup;
			children = (
				9C0945A7071A5F92EE491A1B /* EngineBridge.swift */,
				3AB6E42DB5879EA56976E812 /* EngineTypes.swift */,
			);
			path = Engine;
			sourceTree = "<group>";
		};
		92438B5222E7F69140F1DAF4 /* History */ = {
			isa = PBXGroup;
			children = (
				AE8E812D2B4D00B472A6DC93 /* RoundSummary.swift */,
			);
			path = History;
			sourceTree = "<group>";
		};
		9974695DCCEA5F11652F6BC1 /* Live */ = {
			isa = PBXGroup;
			children = (
				C25E5ABDA8DD57DBB8B53594 /* LiveCenter.swift */,
				6DF518CEF4CB9AB454798F08 /* LiveConfiguration.swift */,
				B8DD489A3A59FEF6208672D7 /* LiveMessage.swift */,
				66B61D9C0D6A514E61BE44BC /* LiveSession.swift */,
				F54566AEC6D359807D4B5BCE /* LiveTransport.swift */,
				85635FE2DD965274992B6C63 /* LiveViews.swift */,
			);
			path = Live;
			sourceTree = "<group>";
		};
		ACC2A4F0B688A939E6EE3FDC /* Settlement */ = {
			isa = PBXGroup;
			children = (
				B99C6AA1DB2376BE531C0676 /* DebugRounds.swift */,
				616E2202702B51E142873C6F /* RoundSettlement.swift */,
				03E438FFDB8F99D65C5E690F /* SettlementText.swift */,
				AF9CB3863F2CDC5C4E6447AE /* SettlementView.swift */,
			);
			path = Settlement;
			sourceTree = "<group>";
		};
		CFC0A08894222A1099734F66 /* Events */ = {
			isa = PBXGroup;
			children = (
				FAD8E090D2AF4347F601C771 /* EventCenter.swift */,
				79DAB84E45AFB9828998E49B /* EventHaptics.swift */,
				AF2DEA8C7507569731AD52B6 /* EventOverlay.swift */,
				47FAAC4BEF8436A4351C453E /* EventQueue.swift */,
				B4CC503985C5B2A15B26BCCA /* EventSettings.swift */,
				8BC8A2E4B0AF4401F2AD68F1 /* EventSettingsView.swift */,
				D14B08944B02A2670BC26AE3 /* EventSoundPlayer.swift */,
				18C993117C88B2D9392DEDC0 /* EventSynth.swift */,
				AEF35DAFBF525390C1AF89D5 /* GameEvent.swift */,
				83CD27B26E656467C9B0AEA2 /* GameSnapshot.swift */,
				72F1B766792B776DC40E58CD /* GameSnapshot+Round.swift */,
				048092F612C38C9A5B891A77 /* Stage */,
			);
			path = Events;
			sourceTree = "<group>";
		};
		D4272D846061139F0F811528 /* Setup */ = {
			isa = PBXGroup;
			children = (
				118E85773F6E4DCD2DE72521 /* CourseLookupViews.swift */,
				BF48B724C43F7D8EA1D73131 /* RoundDraft.swift */,
				5FA0C5629AE9D8BCA1345142 /* RoundSetupView.swift */,
				51B211A862D53BE2F1E88B0F /* SetupText.swift */,
			);
			path = Setup;
			sourceTree = "<group>";
		};
		D87C89764F316568ABBE4899 /* Payments */ = {
			isa = PBXGroup;
			children = (
				54F89F4BA5F72BC9CDDAE20C /* LinkOpener.swift */,
				DE8AD507E0F991DF23F594D7 /* PaymentLedger.swift */,
				842F500205F4A8AA7401C957 /* PaymentSheet.swift */,
				5B8F63B16EA5B6B33275EA28 /* PaymentStatus.swift */,
				72F1F7A1BBD8ECECCD3E7C71 /* PaymentText.swift */,
				AA7F37CDD4CF2BC199B4D1C0 /* VenmoHandle.swift */,
				2EF4BDC00105CB02B119E77C /* VenmoHandleEditor.swift */,
				DBEE989B137FBC0B4C0ED77F /* VenmoLink.swift */,
			);
			path = Payments;
			sourceTree = "<group>";
		};
		DD0CBEB2DC9A85086EFC0F56 = {
			isa = PBXGroup;
			children = (
				169BBB1DF63E230E967E066A /* Config */,
				21D98713F3421DA47F5C01CA /* Wad */,
				2D5C33E34682195859AB6CDA /* WadTests */,
				216B68A7F28E06E5719F71D7 /* WadUITests */,
				2F1E8ABF1FC2D89785F94C42 /* Products */,
			);
			sourceTree = "<group>";
		};
		E3A88C04363A4775D035ED52 /* Resources */ = {
			isa = PBXGroup;
			children = (
				E15243CD43A4CBE9E9669CE0 /* engines.js */,
			);
			path = Resources;
			sourceTree = "<group>";
		};
		F6096A793A69F137EAAD660F /* Theme */ = {
			isa = PBXGroup;
			children = (
				AF3F794D411FEEBEB887070E /* Appearance.swift */,
				9AA4302E35C714D619BE1472 /* Components.swift */,
				0B3A134F3E4F6A7DFCD5F810 /* Contrast.swift */,
				EE51D46F5765B9E0E4177512 /* ScoreNotation.swift */,
				7E1A176DD7223A1EABDC3795 /* SkullIllustration.swift */,
				35E6A0FB9254B4C1E0DF6419 /* Theme.swift */,
			);
			path = Theme;
			sourceTree = "<group>";
		};
/* End PBXGroup section */

/* Begin PBXNativeTarget section */
		3B0920C6DB13388FF0EA6DDB /* Wad */ = {
			isa = PBXNativeTarget;
			buildConfigurationList = 11FB19E22606BCDB5B7950D8 /* Build configuration list for PBXNativeTarget "Wad" */;
			buildPhases = (
				79C7860267F209EB1F61AB82 /* Sources */,
				89958C92B582F7C6F4B71258 /* Resources */,
			);
			buildRules = (
			);
			dependencies = (
			);
			name = Wad;
			packageProductDependencies = (
			);
			productName = Wad;
			productReference = 6BBD493D8E3EBA40EABAC02C /* Wad.app */;
			productType = "com.apple.product-type.application";
		};
		5E14E9774B9110C976D55905 /* WadTests */ = {
			isa = PBXNativeTarget;
			buildConfigurationList = A78B2FB0DC3EE879306CB29D /* Build configuration list for PBXNativeTarget "WadTests" */;
			buildPhases = (
				543A5FD571927107FD651B9C /* Sources */,
			);
			buildRules = (
			);
			dependencies = (
				36BAC3C834266F6D3C15D9F7 /* PBXTargetDependency */,
			);
			name = WadTests;
			packageProductDependencies = (
			);
			productName = WadTests;
			productReference = 7CAEF146D41870412F0025A4 /* WadTests.xctest */;
			productType = "com.apple.product-type.bundle.unit-test";
		};
		BCB440D288BFFFFA176220EF /* WadUITests */ = {
			isa = PBXNativeTarget;
			buildConfigurationList = 8325D523B518C558B7BF2CE4 /* Build configuration list for PBXNativeTarget "WadUITests" */;
			buildPhases = (
				A093758AFA3420EA0297DC9C /* Sources */,
			);
			buildRules = (
			);
			dependencies = (
				058021A748DE89009DF64384 /* PBXTargetDependency */,
			);
			name = WadUITests;
			packageProductDependencies = (
			);
			productName = WadUITests;
			productReference = BAE2C17388A7B361E43BC6DA /* WadUITests.xctest */;
			productType = "com.apple.product-type.bundle.ui-testing";
		};
/* End PBXNativeTarget section */

/* Begin PBXProject section */
		035E4A6402FD4FD04C33877F /* Project object */ = {
			isa = PBXProject;
			attributes = {
				BuildIndependentTargetsInParallel = YES;
				LastUpgradeCheck = 1430;
				TargetAttributes = {
					3B0920C6DB13388FF0EA6DDB = {
						ProvisioningStyle = Automatic;
					};
					5E14E9774B9110C976D55905 = {
						ProvisioningStyle = Automatic;
					};
					BCB440D288BFFFFA176220EF = {
						ProvisioningStyle = Automatic;
						TestTargetID = 3B0920C6DB13388FF0EA6DDB;
					};
				};
			};
			buildConfigurationList = 3E6B49D4C50A844E1ACE48A9 /* Build configuration list for PBXProject "Wad" */;
			compatibilityVersion = "Xcode 14.0";
			developmentRegion = en;
			hasScannedForEncodings = 0;
			knownRegions = (
				Base,
				en,
			);
			mainGroup = DD0CBEB2DC9A85086EFC0F56;
			minimizedProjectReferenceProxies = 1;
			preferredProjectObjectVersion = 77;
			projectDirPath = "";
			projectRoot = "";
			targets = (
				3B0920C6DB13388FF0EA6DDB /* Wad */,
				5E14E9774B9110C976D55905 /* WadTests */,
				BCB440D288BFFFFA176220EF /* WadUITests */,
			);
		};
/* End PBXProject section */

/* Begin PBXResourcesBuildPhase section */
		89958C92B582F7C6F4B71258 /* Resources */ = {
			isa = PBXResourcesBuildPhase;
			buildActionMask = 2147483647;
			files = (
				14D7403468F76CF2D776AFC2 /* Assets.xcassets in Resources */,
				DA169FB9E57726485329E646 /* engines.js in Resources */,
			);
			runOnlyForDeploymentPostprocessing = 0;
		};
/* End PBXResourcesBuildPhase section */

/* Begin PBXSourcesBuildPhase section */
		543A5FD571927107FD651B9C /* Sources */ = {
			isa = PBXSourcesBuildPhase;
			buildActionMask = 2147483647;
			files = (
				11B82ABACE1D370565A73738 /* CourseFakes.swift in Sources */,
				3D5A388D1059B606E25BC9A4 /* CourseLookupTests.swift in Sources */,
				7EBA2F0AD86ECB9D2F9496E3 /* CourseStepTests.swift in Sources */,
				7A5449F788742A8EDE7992B0 /* CoursesTests.swift in Sources */,
				BDDE34B5B1FAE0C5279FC601 /* EngineBridgeTests.swift in Sources */,
				DC5A06D011A18F55FB04F0CF /* EventDetectorTests.swift in Sources */,
				BAB7FF7A4BBFC3D034744691 /* EventQueueTests.swift in Sources */,
				609344EC535FF49F6416223F /* EventSettingsTests.swift in Sources */,
				A046A6C075DE682ED0120E45 /* EventSynthTests.swift in Sources */,
				45AA08DC6A27A41955028092 /* GameSnapshotRoundTests.swift in Sources */,
				F4CE4B6526BD741FDD9C132E /* LiveCenterTests.swift in Sources */,
				CEBE1D7C59F1988D3D5C2C16 /* LiveFakes.swift in Sources */,
				CB4FB12ED4D76A456F16E96C /* LiveMessageTests.swift in Sources */,
				D9DD69D1BE064487F10E88B8 /* LiveSessionTests.swift in Sources */,
				437C412F663A653B6D58BD11 /* PaletteContrastTests.swift in Sources */,
				F9CFF8FB188C1EF97D90BA8E /* PaymentTests.swift in Sources */,
				25637B1BB303F10A88289547 /* RoundCompletionPromptTests.swift in Sources */,
				62128B2E3BAE0757C69DC9CA /* RoundDraftTests.swift in Sources */,
				97B5C12FF701DE50A2B33FED /* RoundEngineMappingTests.swift in Sources */,
				2F481E59DD52C65C3D697417 /* RoundFixtures.swift in Sources */,
				55EC62C22D5C97DCF8546966 /* RoundScorerTests.swift in Sources */,
				6902B1014AE02F3A3E257C68 /* RoundSettlementTests.swift in Sources */,
				6D216F50D808DDE61AC3277E /* RoundStatusTests.swift in Sources */,
				888A9A864196CB2016649D11 /* RoundStoreTests.swift in Sources */,
				0350617CB1E6F80B82A994CF /* RoundSummaryTests.swift in Sources */,
				CE4D8A0EFBC72BAF1A9B7A1C /* ScoreNotationTests.swift in Sources */,
				CDD0B4BC751D424FF90CC3FE /* SetupTextTests.swift in Sources */,
				F871197F76B101191942CC47 /* StoreMigrationTests.swift in Sources */,
				B819C488273527A314D695B2 /* VenmoTests.swift in Sources */,
				DFEAD39D8BA16CF798CEAB9A /* WolfDraftTests.swift in Sources */,
				B4D2C2FB526BCA899AA06436 /* WolfEngineBridgeTests.swift in Sources */,
				4157E414659CD8672C3911E6 /* WolfRoundTests.swift in Sources */,
				9723669B404B2C12BA13F869 /* WolfSettlementTests.swift in Sources */,
			);
			runOnlyForDeploymentPostprocessing = 0;
		};
		79C7860267F209EB1F61AB82 /* Sources */ = {
			isa = PBXSourcesBuildPhase;
			buildActionMask = 2147483647;
			files = (
				A1A92D005292B6E3C8128BCF /* Anim.swift in Sources */,
				314CB8175E781693A5D7C600 /* Appearance.swift in Sources */,
				33FF65F03254A03D1E9BBB05 /* Art+Creatures.swift in Sources */,
				75A987C016A3573267212696 /* Art+Hands.swift in Sources */,
				0378856D84A8B68E5EBB8DB7 /* Art+Props.swift in Sources */,
				EC8679E12F161585CB734250 /* Components.swift in Sources */,
				9B91F3112AB53F7CCC8DA302 /* Contrast.swift in Sources */,
				47A74E957AE9C52BD7A7CC14 /* CourseCache.swift in Sources */,
				B0434DCE6531D9598D108D14 /* CourseDetailView.swift in Sources */,
				49B7DCDC3BDBFFBB0FC04B0A /* CourseFixtures.swift in Sources */,
				6598B07A15B1A43DD76AC169 /* CourseLookup.swift in Sources */,
				BBAD81CF58FA0A6D72204D11 /* CourseLookupClient.swift in Sources */,
				4FBD368FD94A824561BD8DCD /* CourseLookupViews.swift in Sources */,
				6F1288F49DA0C4D70D0920FD /* CourseSelection.swift in Sources */,
				1702CDE17BB47B154463EB72 /* CourseStepModel.swift in Sources */,
				02D395AB3377E2096978D150 /* CourseTypes.swift in Sources */,
				D03EB685F073D1275DF56D63 /* CoursesModel.swift in Sources */,
				03583B7A079C48DB36C70D29 /* CoursesView.swift in Sources */,
				E657F1FDE817BF34608C883E /* DebugRounds.swift in Sources */,
				74505FE1E8DDECD31BC8C0DF /* EngineBridge.swift in Sources */,
				DB670CCC67027C7A912170F8 /* EngineTypes.swift in Sources */,
				0F33578F9CCB37F9D73C2C23 /* EventCenter.swift in Sources */,
				BFA47CE91ED96D733258E701 /* EventHaptics.swift in Sources */,
				C4D300A6BF1D3ACAB300E4AB /* EventOverlay.swift in Sources */,
				4DE74493489E6AA224149E17 /* EventQueue.swift in Sources */,
				ECB71C54506A706DF001C3D3 /* EventSKScene.swift in Sources */,
				0BCE9C150AEC34B2C8B079F8 /* EventSettings.swift in Sources */,
				2936E08BE7E39E787F316453 /* EventSettingsView.swift in Sources */,
				CC6CFD5A6122894BB9A2FCEF /* EventSoundPlayer.swift in Sources */,
				DDB4369A59FD329C3208E366 /* EventSynth.swift in Sources */,
				6D4322ECE6AA7C4946126775 /* GameEvent.swift in Sources */,
				57974A4ACA8940F765EFF946 /* GameScenes.swift in Sources */,
				D5C9C5111D2E3C87EB2997E7 /* GameSnapshot+Round.swift in Sources */,
				A27A28B2BADA0B07AAD467E5 /* GameSnapshot.swift in Sources */,
				6481642D839E1EF7DD65421A /* HoleScoringView.swift in Sources */,
				EC164D1539497AB652296E08 /* LinkOpener.swift in Sources */,
				E179345B74B7A49608E92D67 /* LiveCenter.swift in Sources */,
				18455A447869A0E7DCE726EA /* LiveConfiguration.swift in Sources */,
				29204EA415C5CD44DC62CD94 /* LiveMessage.swift in Sources */,
				9B615E37BD1AD2E9CFCFA2AD /* LiveSession.swift in Sources */,
				CC4964A3E9C2D0E36FE98B3D /* LiveTransport.swift in Sources */,
				1CDDE0EABD6A88B3D7840D72 /* LiveViews.swift in Sources */,
				B40097B783C40B9B012D1963 /* LocationFix.swift in Sources */,
				C900DF2D1DE8BB6960B83BB8 /* PaymentLedger.swift in Sources */,
				5190BB98939D0884E93F8DFF /* PaymentSheet.swift in Sources */,
				41BC16092F0EF4F55B9EBE34 /* PaymentStatus.swift in Sources */,
				3FB43802011FCC28A6DB1DEF /* PaymentText.swift in Sources */,
				57C2188B51FC32580E11CA65 /* RootView.swift in Sources */,
				683D5AE172A5EABB174F2B2F /* Round+Engine.swift in Sources */,
				D8480444BEFCDA525B807361 /* Round+Wolf.swift in Sources */,
				1CC6507EEEAC51FF5872E296 /* Round.swift in Sources */,
				191A36CE885BE2E673200FCC /* RoundCompletionPrompt.swift in Sources */,
				DCFC3FB517862868E66EE9E7 /* RoundDetailView.swift in Sources */,
				65447551F66FD263FE41AC9C /* RoundDraft.swift in Sources */,
				289F9E143B900DBBD45BCF57 /* RoundScorer+Wolf.swift in Sources */,
				62252DAB7C3DB4924E687008 /* RoundScorer.swift in Sources */,
				EA1FCF7CCA1084F8BE07FF08 /* RoundSettlement+Wolf.swift in Sources */,
				46518D3A459852119782FD68 /* RoundSettlement.swift in Sources */,
				5D33900553C130DC8289FCD1 /* RoundSetupView.swift in Sources */,
				EBCF7DAEB8FBC7D907459DAE /* RoundStatus.swift in Sources */,
				81F2A809719D15DED3491390 /* RoundSummary.swift in Sources */,
				6D5238486E97759177DDBC5C /* RoundsView.swift in Sources */,
				951989C177EEE95C5073EA7F /* SceneHelpers.swift in Sources */,
				C6B6B43414FDA2AD41E68E02 /* ScoreNotation.swift in Sources */,
				71462B2E1B0475C3F02FF549 /* ScoreScenes.swift in Sources */,
				A89DA6A02F87D0A107ECC947 /* Scorecard.swift in Sources */,
				A67A2715555DD38A8AA02F57 /* ScorecardView.swift in Sources */,
				25059043DDDF9DE46BF1C725 /* ScoringText.swift in Sources */,
				D83D5A7D04DA502F39C38DBC /* SettlementText.swift in Sources */,
				59CDFC1A65E449E9DF900848 /* SettlementView.swift in Sources */,
				B042EF833CFA64B858B93FDF /* SetupText.swift in Sources */,
				31B8EF9220CBFD3C5BCC859C /* SkullIllustration.swift in Sources */,
				01741CD0E2411F6ECA138665 /* Theme.swift in Sources */,
				164E1BD5B07EA7878F6DA3CF /* VenmoHandle.swift in Sources */,
				B952AEE187004F397D1274EC /* VenmoHandleEditor.swift in Sources */,
				1E3AB757E560A37F4D7E2996 /* VenmoLink.swift in Sources */,
				5A1E5145B8B99F4CC673E455 /* WadApp.swift in Sources */,
				9379D620D2A9356D7E0F7048 /* WolfDraft.swift in Sources */,
				8EF772DF6042BD4B5CD866DF /* WolfGamesSection.swift in Sources */,
				0023407F18D8406E0421A099 /* WolfHoleModel.swift in Sources */,
				12B41317B623992FC2C7A339 /* WolfHoleSection.swift in Sources */,
				8C7F7FCB4AADAD81B7E3F778 /* WolfSettlementSections.swift in Sources */,
				7C176990040192B0768D7420 /* WolfText.swift in Sources */,
			);
			runOnlyForDeploymentPostprocessing = 0;
		};
		A093758AFA3420EA0297DC9C /* Sources */ = {
			isa = PBXSourcesBuildPhase;
			buildActionMask = 2147483647;
			files = (
				C216948CF792106665C99575 /* RoundDeleteUITests.swift in Sources */,
				0FFA8B5C3895E731606266FF /* RoundWalkthroughUITests.swift in Sources */,
				46A969E40B729DB0BB795091 /* SettlementPaymentsUITests.swift in Sources */,
			);
			runOnlyForDeploymentPostprocessing = 0;
		};
/* End PBXSourcesBuildPhase section */

/* Begin PBXTargetDependency section */
		058021A748DE89009DF64384 /* PBXTargetDependency */ = {
			isa = PBXTargetDependency;
			target = 3B0920C6DB13388FF0EA6DDB /* Wad */;
			targetProxy = 87EB1F6316A75D0B345AA17E /* PBXContainerItemProxy */;
		};
		36BAC3C834266F6D3C15D9F7 /* PBXTargetDependency */ = {
			isa = PBXTargetDependency;
			target = 3B0920C6DB13388FF0EA6DDB /* Wad */;
			targetProxy = 22EBEA5959151A75B9E0B4D3 /* PBXContainerItemProxy */;
		};
/* End PBXTargetDependency section */

/* Begin XCBuildConfiguration section */
		066FD1C7994AB710419EB045 /* Release */ = {
			isa = XCBuildConfiguration;
			buildSettings = {
				ASSETCATALOG_COMPILER_APPICON_NAME = AppIcon;
				ASSETCATALOG_COMPILER_GLOBAL_ACCENT_COLOR_NAME = AccentColor;
				CODE_SIGN_IDENTITY = "iPhone Developer";
				GENERATE_INFOPLIST_FILE = YES;
				INFOPLIST_FILE = Wad/Info.plist;
				INFOPLIST_KEY_UIApplicationSupportsIndirectInputEvents = YES;
				INFOPLIST_KEY_UISupportedInterfaceOrientations = UIInterfaceOrientationPortrait;
				LD_RUNPATH_SEARCH_PATHS = (
					"$(inherited)",
					"@executable_path/Frameworks",
				);
				PRODUCT_BUNDLE_IDENTIFIER = com.gillzj00.wad;
				SDKROOT = iphoneos;
				TARGETED_DEVICE_FAMILY = 1;
			};
			name = Release;
		};
		18F8F5486AE6AD0A7938E635 /* Debug */ = {
			isa = XCBuildConfiguration;
			buildSettings = {
				BUNDLE_LOADER = "$(TEST_HOST)";
				GENERATE_INFOPLIST_FILE = YES;
				LD_RUNPATH_SEARCH_PATHS = (
					"$(inherited)",
					"@executable_path/Frameworks",
					"@loader_path/Frameworks",
				);
				PRODUCT_BUNDLE_IDENTIFIER = com.gillzj00.WadTests;
				SDKROOT = iphoneos;
				TARGETED_DEVICE_FAMILY = "1,2";
				TEST_HOST = "$(BUILT_PRODUCTS_DIR)/Wad.app/Wad";
			};
			name = Debug;
		};
		45A4DDDE2786681762C97DEA /* Release */ = {
			isa = XCBuildConfiguration;
			buildSettings = {
				BUNDLE_LOADER = "$(TEST_HOST)";
				GENERATE_INFOPLIST_FILE = YES;
				LD_RUNPATH_SEARCH_PATHS = (
					"$(inherited)",
					"@executable_path/Frameworks",
					"@loader_path/Frameworks",
				);
				PRODUCT_BUNDLE_IDENTIFIER = com.gillzj00.WadUITests;
				SDKROOT = iphoneos;
				TARGETED_DEVICE_FAMILY = "1,2";
				TEST_TARGET_NAME = Wad;
			};
			name = Release;
		};
		4E5D1C94E5621F0A60F817E1 /* Release */ = {
			isa = XCBuildConfiguration;
			baseConfigurationReference = 2C193555C3C2B0E584EE7F5B /* Signing.xcconfig */;
			buildSettings = {
				ALWAYS_SEARCH_USER_PATHS = NO;
				CLANG_ANALYZER_NONNULL = YES;
				CLANG_ANALYZER_NUMBER_OBJECT_CONVERSION = YES_AGGRESSIVE;
				CLANG_CXX_LANGUAGE_STANDARD = "gnu++14";
				CLANG_CXX_LIBRARY = "libc++";
				CLANG_ENABLE_MODULES = YES;
				CLANG_ENABLE_OBJC_ARC = YES;
				CLANG_ENABLE_OBJC_WEAK = YES;
				CLANG_WARN_BLOCK_CAPTURE_AUTORELEASING = YES;
				CLANG_WARN_BOOL_CONVERSION = YES;
				CLANG_WARN_COMMA = YES;
				CLANG_WARN_CONSTANT_CONVERSION = YES;
				CLANG_WARN_DEPRECATED_OBJC_IMPLEMENTATIONS = YES;
				CLANG_WARN_DIRECT_OBJC_ISA_USAGE = YES_ERROR;
				CLANG_WARN_DOCUMENTATION_COMMENTS = YES;
				CLANG_WARN_EMPTY_BODY = YES;
				CLANG_WARN_ENUM_CONVERSION = YES;
				CLANG_WARN_INFINITE_RECURSION = YES;
				CLANG_WARN_INT_CONVERSION = YES;
				CLANG_WARN_NON_LITERAL_NULL_CONVERSION = YES;
				CLANG_WARN_OBJC_IMPLICIT_RETAIN_SELF = YES;
				CLANG_WARN_OBJC_LITERAL_CONVERSION = YES;
				CLANG_WARN_OBJC_ROOT_CLASS = YES_ERROR;
				CLANG_WARN_QUOTED_INCLUDE_IN_FRAMEWORK_HEADER = YES;
				CLANG_WARN_RANGE_LOOP_ANALYSIS = YES;
				CLANG_WARN_STRICT_PROTOTYPES = YES;
				CLANG_WARN_SUSPICIOUS_MOVE = YES;
				CLANG_WARN_UNGUARDED_AVAILABILITY = YES_AGGRESSIVE;
				CLANG_WARN_UNREACHABLE_CODE = YES;
				CLANG_WARN__DUPLICATE_METHOD_MATCH = YES;
				COPY_PHASE_STRIP = NO;
				CURRENT_PROJECT_VERSION = 1;
				DEBUG_INFORMATION_FORMAT = "dwarf-with-dsym";
				ENABLE_NS_ASSERTIONS = NO;
				ENABLE_STRICT_OBJC_MSGSEND = YES;
				GCC_C_LANGUAGE_STANDARD = gnu11;
				GCC_NO_COMMON_BLOCKS = YES;
				GCC_WARN_64_TO_32_BIT_CONVERSION = YES;
				GCC_WARN_ABOUT_RETURN_TYPE = YES_ERROR;
				GCC_WARN_UNDECLARED_SELECTOR = YES;
				GCC_WARN_UNINITIALIZED_AUTOS = YES_AGGRESSIVE;
				GCC_WARN_UNUSED_FUNCTION = YES;
				GCC_WARN_UNUSED_VARIABLE = YES;
				IPHONEOS_DEPLOYMENT_TARGET = 17.0;
				MARKETING_VERSION = 0.1.0;
				MTL_ENABLE_DEBUG_INFO = NO;
				MTL_FAST_MATH = YES;
				PRODUCT_NAME = "$(TARGET_NAME)";
				SDKROOT = iphoneos;
				SWIFT_COMPILATION_MODE = wholemodule;
				SWIFT_OPTIMIZATION_LEVEL = "-O";
				SWIFT_VERSION = 6.0;
			};
			name = Release;
		};
		52B5B4D8BCA827E8DF622219 /* Debug */ = {
			isa = XCBuildConfiguration;
			buildSettings = {
				ASSETCATALOG_COMPILER_APPICON_NAME = AppIcon;
				ASSETCATALOG_COMPILER_GLOBAL_ACCENT_COLOR_NAME = AccentColor;
				CODE_SIGN_IDENTITY = "iPhone Developer";
				GENERATE_INFOPLIST_FILE = YES;
				INFOPLIST_FILE = Wad/Info.plist;
				INFOPLIST_KEY_UIApplicationSupportsIndirectInputEvents = YES;
				INFOPLIST_KEY_UISupportedInterfaceOrientations = UIInterfaceOrientationPortrait;
				LD_RUNPATH_SEARCH_PATHS = (
					"$(inherited)",
					"@executable_path/Frameworks",
				);
				PRODUCT_BUNDLE_IDENTIFIER = com.gillzj00.wad;
				SDKROOT = iphoneos;
				TARGETED_DEVICE_FAMILY = 1;
			};
			name = Debug;
		};
		5A157248E5CD97FB8B70A475 /* Release */ = {
			isa = XCBuildConfiguration;
			buildSettings = {
				BUNDLE_LOADER = "$(TEST_HOST)";
				GENERATE_INFOPLIST_FILE = YES;
				LD_RUNPATH_SEARCH_PATHS = (
					"$(inherited)",
					"@executable_path/Frameworks",
					"@loader_path/Frameworks",
				);
				PRODUCT_BUNDLE_IDENTIFIER = com.gillzj00.WadTests;
				SDKROOT = iphoneos;
				TARGETED_DEVICE_FAMILY = "1,2";
				TEST_HOST = "$(BUILT_PRODUCTS_DIR)/Wad.app/Wad";
			};
			name = Release;
		};
		D90D748B8EDE560FDF9B9463 /* Debug */ = {
			isa = XCBuildConfiguration;
			baseConfigurationReference = 2C193555C3C2B0E584EE7F5B /* Signing.xcconfig */;
			buildSettings = {
				ALWAYS_SEARCH_USER_PATHS = NO;
				CLANG_ANALYZER_NONNULL = YES;
				CLANG_ANALYZER_NUMBER_OBJECT_CONVERSION = YES_AGGRESSIVE;
				CLANG_CXX_LANGUAGE_STANDARD = "gnu++14";
				CLANG_CXX_LIBRARY = "libc++";
				CLANG_ENABLE_MODULES = YES;
				CLANG_ENABLE_OBJC_ARC = YES;
				CLANG_ENABLE_OBJC_WEAK = YES;
				CLANG_WARN_BLOCK_CAPTURE_AUTORELEASING = YES;
				CLANG_WARN_BOOL_CONVERSION = YES;
				CLANG_WARN_COMMA = YES;
				CLANG_WARN_CONSTANT_CONVERSION = YES;
				CLANG_WARN_DEPRECATED_OBJC_IMPLEMENTATIONS = YES;
				CLANG_WARN_DIRECT_OBJC_ISA_USAGE = YES_ERROR;
				CLANG_WARN_DOCUMENTATION_COMMENTS = YES;
				CLANG_WARN_EMPTY_BODY = YES;
				CLANG_WARN_ENUM_CONVERSION = YES;
				CLANG_WARN_INFINITE_RECURSION = YES;
				CLANG_WARN_INT_CONVERSION = YES;
				CLANG_WARN_NON_LITERAL_NULL_CONVERSION = YES;
				CLANG_WARN_OBJC_IMPLICIT_RETAIN_SELF = YES;
				CLANG_WARN_OBJC_LITERAL_CONVERSION = YES;
				CLANG_WARN_OBJC_ROOT_CLASS = YES_ERROR;
				CLANG_WARN_QUOTED_INCLUDE_IN_FRAMEWORK_HEADER = YES;
				CLANG_WARN_RANGE_LOOP_ANALYSIS = YES;
				CLANG_WARN_STRICT_PROTOTYPES = YES;
				CLANG_WARN_SUSPICIOUS_MOVE = YES;
				CLANG_WARN_UNGUARDED_AVAILABILITY = YES_AGGRESSIVE;
				CLANG_WARN_UNREACHABLE_CODE = YES;
				CLANG_WARN__DUPLICATE_METHOD_MATCH = YES;
				COPY_PHASE_STRIP = NO;
				CURRENT_PROJECT_VERSION = 1;
				DEBUG_INFORMATION_FORMAT = dwarf;
				ENABLE_STRICT_OBJC_MSGSEND = YES;
				ENABLE_TESTABILITY = YES;
				GCC_C_LANGUAGE_STANDARD = gnu11;
				GCC_DYNAMIC_NO_PIC = NO;
				GCC_NO_COMMON_BLOCKS = YES;
				GCC_OPTIMIZATION_LEVEL = 0;
				GCC_PREPROCESSOR_DEFINITIONS = (
					"$(inherited)",
					"DEBUG=1",
				);
				GCC_WARN_64_TO_32_BIT_CONVERSION = YES;
				GCC_WARN_ABOUT_RETURN_TYPE = YES_ERROR;
				GCC_WARN_UNDECLARED_SELECTOR = YES;
				GCC_WARN_UNINITIALIZED_AUTOS = YES_AGGRESSIVE;
				GCC_WARN_UNUSED_FUNCTION = YES;
				GCC_WARN_UNUSED_VARIABLE = YES;
				IPHONEOS_DEPLOYMENT_TARGET = 17.0;
				MARKETING_VERSION = 0.1.0;
				MTL_ENABLE_DEBUG_INFO = INCLUDE_SOURCE;
				MTL_FAST_MATH = YES;
				ONLY_ACTIVE_ARCH = YES;
				PRODUCT_NAME = "$(TARGET_NAME)";
				SDKROOT = iphoneos;
				SWIFT_ACTIVE_COMPILATION_CONDITIONS = DEBUG;
				SWIFT_OPTIMIZATION_LEVEL = "-Onone";
				SWIFT_VERSION = 6.0;
			};
			name = Debug;
		};
		EC5BA01BB0B2736F75D964F4 /* Debug */ = {
			isa = XCBuildConfiguration;
			buildSettings = {
				BUNDLE_LOADER = "$(TEST_HOST)";
				GENERATE_INFOPLIST_FILE = YES;
				LD_RUNPATH_SEARCH_PATHS = (
					"$(inherited)",
					"@executable_path/Frameworks",
					"@loader_path/Frameworks",
				);
				PRODUCT_BUNDLE_IDENTIFIER = com.gillzj00.WadUITests;
				SDKROOT = iphoneos;
				TARGETED_DEVICE_FAMILY = "1,2";
				TEST_TARGET_NAME = Wad;
			};
			name = Debug;
		};
/* End XCBuildConfiguration section */

/* Begin XCConfigurationList section */
		11FB19E22606BCDB5B7950D8 /* Build configuration list for PBXNativeTarget "Wad" */ = {
			isa = XCConfigurationList;
			buildConfigurations = (
				52B5B4D8BCA827E8DF622219 /* Debug */,
				066FD1C7994AB710419EB045 /* Release */,
			);
			defaultConfigurationIsVisible = 0;
			defaultConfigurationName = Debug;
		};
		3E6B49D4C50A844E1ACE48A9 /* Build configuration list for PBXProject "Wad" */ = {
			isa = XCConfigurationList;
			buildConfigurations = (
				D90D748B8EDE560FDF9B9463 /* Debug */,
				4E5D1C94E5621F0A60F817E1 /* Release */,
			);
			defaultConfigurationIsVisible = 0;
			defaultConfigurationName = Debug;
		};
		8325D523B518C558B7BF2CE4 /* Build configuration list for PBXNativeTarget "WadUITests" */ = {
			isa = XCConfigurationList;
			buildConfigurations = (
				EC5BA01BB0B2736F75D964F4 /* Debug */,
				45A4DDDE2786681762C97DEA /* Release */,
			);
			defaultConfigurationIsVisible = 0;
			defaultConfigurationName = Debug;
		};
		A78B2FB0DC3EE879306CB29D /* Build configuration list for PBXNativeTarget "WadTests" */ = {
			isa = XCConfigurationList;
			buildConfigurations = (
				18F8F5486AE6AD0A7938E635 /* Debug */,
				5A157248E5CD97FB8B70A475 /* Release */,
			);
			defaultConfigurationIsVisible = 0;
			defaultConfigurationName = Debug;
		};
/* End XCConfigurationList section */
	};
	rootObject = 035E4A6402FD4FD04C33877F /* Project object */;
}
